// !$*UTF8*$!
{
	archiveVersion = 1;
	classes = {
	};
	objectVersion = 56;
	objects = {

/* Begin PBXBuildFile section */
		431162142902E2F500565BA3 /* Card.swift in Sources */ = {isa = PBXBuildFile; fileRef = 431162132902E2F500565BA3 /* Card.swift */; };
		432BCA5F2900082400084438 /* BlogModel.swift in Sources */ = {isa = PBXBuildFile; fileRef = 432BCA5E2900082400084438 /* BlogModel.swift */; };
		432BCA612900093500084438 /* Home.swift in Sources */ = {isa = PBXBuildFile; fileRef = 432BCA602900093500084438 /* Home.swift */; };
		432BD09129090BBE00E981F4 /* FindView.swift in Sources */ = {isa = PBXBuildFile; fileRef = 432BD09029090BBE00E981F4 /* FindView.swift */; };
		4336FC21290F54380007A41A /* OrderViewModel.swift in Sources */ = {isa = PBXBuildFile; fileRef = 4336FC20290F54380007A41A /* OrderViewModel.swift */; };
		435624F7290D767F000E60BC /* Shopping.swift in Sources */ = {isa = PBXBuildFile; fileRef = 435624F6290D767F000E60BC /* Shopping.swift */; };
		4369416328FE8BDC00A0771B /* hover-shopping.json in Resources */ = {isa = PBXBuildFile; fileRef = 4369416228FE8BDC00A0771B /* hover-shopping.json */; };
		4369416B28FE8D5400A0771B /* 571-black-tea-lineal.json in Resources */ = {isa = PBXBuildFile; fileRef = 4369416A28FE8D5400A0771B /* 571-black-tea-lineal.json */; };
		4369416D28FE8E1700A0771B /* in-card.json in Resources */ = {isa = PBXBuildFile; fileRef = 4369416C28FE8E1700A0771B /* in-card.json */; };
		437FDD4C29058AF400A42FF1 /* CustomViews.swift in Sources */ = {isa = PBXBuildFile; fileRef = 437FDD4B29058AF400A42FF1 /* CustomViews.swift */; };
		437FDD4E29058B1400A42FF1 /* LoginView.swift in Sources */ = {isa = PBXBuildFile; fileRef = 437FDD4D29058B1400A42FF1 /* LoginView.swift */; };
		437FDD5029058B3100A42FF1 /* SignUpView.swift in Sources */ = {isa = PBXBuildFile; fileRef = 437FDD4F29058B3100A42FF1 /* SignUpView.swift */; };
		437FDD522905A02800A42FF1 /* Tea.swift in Sources */ = {isa = PBXBuildFile; fileRef = 437FDD512905A02800A42FF1 /* Tea.swift */; };
		437FDD542905A48400A42FF1 /* Smudi.swift in Sources */ = {isa = PBXBuildFile; fileRef = 437FDD532905A48400A42FF1 /* Smudi.swift */; };
		437FDD562905AD2F00A42FF1 /* BubbleTea.swift in Sources */ = {isa = PBXBuildFile; fileRef = 437FDD552905AD2F00A42FF1 /* BubbleTea.swift */; };
		439D7B7B28FD9F3E006C92FD /* TaicoApp.swift in Sources */ = {isa = PBXBuildFile; fileRef = 439D7B7A28FD9F3E006C92FD /* TaicoApp.swift */; };
		439D7B7D28FD9F3E006C92FD /* ContentView.swift in Sources */ = {isa = PBXBuildFile; fileRef = 439D7B7C28FD9F3E006C92FD /* ContentView.swift */; };
		439D7B7F28FD9F3F006C92FD /* Assets.xcassets in Resources */ = {isa = PBXBuildFile; fileRef = 439D7B7E28FD9F3F006C92FD /* Assets.xcassets */; };
		439D7B8328FD9F3F006C92FD /* Preview Assets.xcassets in Resources */ = {isa = PBXBuildFile; fileRef = 439D7B8228FD9F3F006C92FD /* Preview Assets.xcassets */; };
		439D7B8D28FD9F40006C92FD /* TaicoTests.swift in Sources */ = {isa = PBXBuildFile; fileRef = 439D7B8C28FD9F40006C92FD /* TaicoTests.swift */; };
		439D7B9728FD9F40006C92FD /* TaicoUITests.swift in Sources */ = {isa = PBXBuildFile; fileRef = 439D7B9628FD9F40006C92FD /* TaicoUITests.swift */; };
		439D7B9928FD9F40006C92FD /* TaicoUITestsLaunchTests.swift in Sources */ = {isa = PBXBuildFile; fileRef = 439D7B9828FD9F40006C92FD /* TaicoUITestsLaunchTests.swift */; };
		439D7BA728FDA266006C92FD /* Drink.swift in Sources */ = {isa = PBXBuildFile; fileRef = 439D7BA628FDA266006C92FD /* Drink.swift */; };
		439D7BAA28FDA40B006C92FD /* CustomCarousel.swift in Sources */ = {isa = PBXBuildFile; fileRef = 439D7BA928FDA40B006C92FD /* CustomCarousel.swift */; };
		439D7BAC28FDA425006C92FD /* Order.swift in Sources */ = {isa = PBXBuildFile; fileRef = 439D7BAB28FDA425006C92FD /* Order.swift */; };
		439D7BAE28FDA436006C92FD /* Tab.swift in Sources */ = {isa = PBXBuildFile; fileRef = 439D7BAD28FDA436006C92FD /* Tab.swift */; };
		439D7BB028FDAB81006C92FD /* CustomArcShape.swift in Sources */ = {isa = PBXBuildFile; fileRef = 439D7BAF28FDAB81006C92FD /* CustomArcShape.swift */; };
		439D7BBF28FDB5A9006C92FD /* Lottie in Frameworks */ = {isa = PBXBuildFile; productRef = 439D7BBE28FDB5A9006C92FD /* Lottie */; };
		439D7BC528FDB5CF006C92FD /* Chat.json in Resources */ = {isa = PBXBuildFile; fileRef = 439D7BC028FDB5CF006C92FD /* Chat.json */; };
		439D7BC628FDB5CF006C92FD /* Saved.json in Resources */ = {isa = PBXBuildFile; fileRef = 439D7BC128FDB5CF006C92FD /* Saved.json */; };
		439D7BC728FDB5CF006C92FD /* Notification.json in Resources */ = {isa = PBXBuildFile; fileRef = 439D7BC228FDB5CF006C92FD /* Notification.json */; };
		439D7BC828FDB5CF006C92FD /* Account.json in Resources */ = {isa = PBXBuildFile; fileRef = 439D7BC328FDB5CF006C92FD /* Account.json */; };
		439D7BC928FDB5CF006C92FD /* Home.json in Resources */ = {isa = PBXBuildFile; fileRef = 439D7BC428FDB5CF006C92FD /* Home.json */; };
		439D7BCB28FDB5F0006C92FD /* BottomTab.swift in Sources */ = {isa = PBXBuildFile; fileRef = 439D7BCA28FDB5F0006C92FD /* BottomTab.swift */; };
		439D7BCD28FDB60E006C92FD /* AnimatedIcon.swift in Sources */ = {isa = PBXBuildFile; fileRef = 439D7BCC28FDB60E006C92FD /* AnimatedIcon.swift */; };
		439D7BCF28FDB639006C92FD /* MainView.swift in Sources */ = {isa = PBXBuildFile; fileRef = 439D7BCE28FDB639006C92FD /* MainView.swift */; };
		439D7BD128FDB6F8006C92FD /* ResizableLottieView.swift in Sources */ = {isa = PBXBuildFile; fileRef = 439D7BD028FDB6F8006C92FD /* ResizableLottieView.swift */; };
		43BAEBED290ED653003773FF /* ProfileView.swift in Sources */ = {isa = PBXBuildFile; fileRef = 43BAEBEC290ED652003773FF /* ProfileView.swift */; };
/* End PBXBuildFile section */

/* Begin PBXContainerItemProxy section */
		439D7B8928FD9F40006C92FD /* PBXContainerItemProxy */ = {
			isa = PBXContainerItemProxy;
			containerPortal = 439D7B6F28FD9F3E006C92FD /* Project object */;
			proxyType = 1;
			remoteGlobalIDString = 439D7B7628FD9F3E006C92FD;
			remoteInfo = Taico;
		};
		439D7B9328FD9F40006C92FD /* PBXContainerItemProxy */ = {
			isa = PBXContainerItemProxy;
			containerPortal = 439D7B6F28FD9F3E006C92FD /* Project object */;
			proxyType = 1;
			remoteGlobalIDString = 439D7B7628FD9F3E006C92FD;
			remoteInfo = Taico;
		};
/* End PBXContainerItemProxy section */

/* Begin PBXFileReference section */
		431162132902E2F500565BA3 /* Card.swift */ = {isa = PBXFileReference; lastKnownFileType = sourcecode.swift; path = Card.swift; sourceTree = "<group>"; usesTabs = 0; };
		432BCA5E2900082400084438 /* BlogModel.swift */ = {isa = PBXFileReference; lastKnownFileType = sourcecode.swift; path = BlogModel.swift; sourceTree = "<group>"; };
		432BCA602900093500084438 /* Home.swift */ = {isa = PBXFileReference; lastKnownFileType = sourcecode.swift; path = Home.swift; sourceTree = "<group>"; };
		432BD09029090BBE00E981F4 /* FindView.swift */ = {isa = PBXFileReference; lastKnownFileType = sourcecode.swift; path = FindView.swift; sourceTree = "<group>"; };
		4336FC20290F54380007A41A /* OrderViewModel.swift */ = {isa = PBXFileReference; lastKnownFileType = sourcecode.swift; path = OrderViewModel.swift; sourceTree = "<group>"; };
		435624F6290D767F000E60BC /* Shopping.swift */ = {isa = PBXFileReference; lastKnownFileType = sourcecode.swift; path = Shopping.swift; sourceTree = "<group>"; };
		4369416228FE8BDC00A0771B /* hover-shopping.json */ = {isa = PBXFileReference; lastKnownFileType = text.json; path = "hover-shopping.json"; sourceTree = "<group>"; };
		4369416A28FE8D5400A0771B /* 571-black-tea-lineal.json */ = {isa = PBXFileReference; lastKnownFileType = text.json; path = "571-black-tea-lineal.json"; sourceTree = "<group>"; };
		4369416C28FE8E1700A0771B /* in-card.json */ = {isa = PBXFileReference; lastKnownFileType = text.json; path = "in-card.json"; sourceTree = "<group>"; };
		437FDD4B29058AF400A42FF1 /* CustomViews.swift */ = {isa = PBXFileReference; lastKnownFileType = sourcecode.swift; path = CustomViews.swift; sourceTree = "<group>"; };
		437FDD4D29058B1400A42FF1 /* LoginView.swift */ = {isa = PBXFileReference; lastKnownFileType = sourcecode.swift; path = LoginView.swift; sourceTree = "<group>"; };
		437FDD4F29058B3100A42FF1 /* SignUpView.swift */ = {isa = PBXFileReference; lastKnownFileType = sourcecode.swift; path = SignUpView.swift; sourceTree = "<group>"; };
		437FDD512905A02800A42FF1 /* Tea.swift */ = {isa = PBXFileReference; lastKnownFileType = sourcecode.swift; path = Tea.swift; sourceTree = "<group>"; };
		437FDD532905A48400A42FF1 /* Smudi.swift */ = {isa = PBXFileReference; lastKnownFileType = sourcecode.swift; path = Smudi.swift; sourceTree = "<group>"; };
		437FDD552905AD2F00A42FF1 /* BubbleTea.swift */ = {isa = PBXFileReference; lastKnownFileType = sourcecode.swift; path = BubbleTea.swift; sourceTree = "<group>"; };
		439D7B7728FD9F3E006C92FD /* Taico.app */ = {isa = PBXFileReference; explicitFileType = wrapper.application; includeInIndex = 0; path = Taico.app; sourceTree = BUILT_PRODUCTS_DIR; };
		439D7B7A28FD9F3E006C92FD /* TaicoApp.swift */ = {isa = PBXFileReference; lastKnownFileType = sourcecode.swift; path = TaicoApp.swift; sourceTree = "<group>"; };
		439D7B7C28FD9F3E006C92FD /* ContentView.swift */ = {isa = PBXFileReference; lastKnownFileType = sourcecode.swift; path = ContentView.swift; sourceTree = "<group>"; };
		439D7B7E28FD9F3F006C92FD /* Assets.xcassets */ = {isa = PBXFileReference; lastKnownFileType = folder.assetcatalog; path = Assets.xcassets; sourceTree = "<group>"; };
		439D7B8028FD9F3F006C92FD /* Taico.entitlements */ = {isa = PBXFileReference; lastKnownFileType = text.plist.entitlements; path = Taico.entitlements; sourceTree = "<group>"; };
		439D7B8228FD9F3F006C92FD /* Preview Assets.xcassets */ = {isa = PBXFileReference; lastKnownFileType = folder.assetcatalog; path = "Preview Assets.xcassets"; sourceTree = "<group>"; };
		439D7B8828FD9F40006C92FD /* TaicoTests.xctest */ = {isa = PBXFileReference; explicitFileType = wrapper.cfbundle; includeInIndex = 0; path = TaicoTests.xctest; sourceTree = BUILT_PRODUCTS_DIR; };
		439D7B8C28FD9F40006C92FD /* TaicoTests.swift */ = {isa = PBXFileReference; lastKnownFileType = sourcecode.swift; path = TaicoTests.swift; sourceTree = "<group>"; };
		439D7B9228FD9F40006C92FD /* TaicoUITests.xctest */ = {isa = PBXFileReference; explicitFileType = wrapper.cfbundle; includeInIndex = 0; path = TaicoUITests.xctest; sourceTree = BUILT_PRODUCTS_DIR; };
		439D7B9628FD9F40006C92FD /* TaicoUITests.swift */ = {isa = PBXFileReference; lastKnownFileType = sourcecode.swift; path = TaicoUITests.swift; sourceTree = "<group>"; };
		439D7B9828FD9F40006C92FD /* TaicoUITestsLaunchTests.swift */ = {isa = PBXFileReference; lastKnownFileType = sourcecode.swift; path = TaicoUITestsLaunchTests.swift; sourceTree = "<group>"; };
		439D7BA628FDA266006C92FD /* Drink.swift */ = {isa = PBXFileReference; lastKnownFileType = sourcecode.swift; path = Drink.swift; sourceTree = "<group>"; };
		439D7BA928FDA40B006C92FD /* CustomCarousel.swift */ = {isa = PBXFileReference; lastKnownFileType = sourcecode.swift; path = CustomCarousel.swift; sourceTree = "<group>"; };
		439D7BAB28FDA425006C92FD /* Order.swift */ = {isa = PBXFileReference; lastKnownFileType = sourcecode.swift; path = Order.swift; sourceTree = "<group>"; };
		439D7BAD28FDA436006C92FD /* Tab.swift */ = {isa = PBXFileReference; lastKnownFileType = sourcecode.swift; path = Tab.swift; sourceTree = "<group>"; };
		439D7BAF28FDAB81006C92FD /* CustomArcShape.swift */ = {isa = PBXFileReference; lastKnownFileType = sourcecode.swift; path = CustomArcShape.swift; sourceTree = "<group>"; };
		439D7BC028FDB5CF006C92FD /* Chat.json */ = {isa = PBXFileReference; lastKnownFileType = text.json; path = Chat.json; sourceTree = "<group>"; };
		439D7BC128FDB5CF006C92FD /* Saved.json */ = {isa = PBXFileReference; lastKnownFileType = text.json; path = Saved.json; sourceTree = "<group>"; };
		439D7BC228FDB5CF006C92FD /* Notification.json */ = {isa = PBXFileReference; lastKnownFileType = text.json; path = Notification.json; sourceTree = "<group>"; };
		439D7BC328FDB5CF006C92FD /* Account.json */ = {isa = PBXFileReference; lastKnownFileType = text.json; path = Account.json; sourceTree = "<group>"; };
		439D7BC428FDB5CF006C92FD /* Home.json */ = {isa = PBXFileReference; lastKnownFileType = text.json; path = Home.json; sourceTree = "<group>"; };
		439D7BCA28FDB5F0006C92FD /* BottomTab.swift */ = {isa = PBXFileReference; lastKnownFileType = sourcecode.swift; path = BottomTab.swift; sourceTree = "<group>"; };
		439D7BCC28FDB60E006C92FD /* AnimatedIcon.swift */ = {isa = PBXFileReference; lastKnownFileType = sourcecode.swift; path = AnimatedIcon.swift; sourceTree = "<group>"; };
		439D7BCE28FDB639006C92FD /* MainView.swift */ = {isa = PBXFileReference; lastKnownFileType = sourcecode.swift; path = MainView.swift; sourceTree = "<group>"; };
		439D7BD028FDB6F8006C92FD /* ResizableLottieView.swift */ = {isa = PBXFileReference; lastKnownFileType = sourcecode.swift; path = ResizableLottieView.swift; sourceTree = "<group>"; };
		43BAEBEC290ED652003773FF /* ProfileView.swift */ = {isa = PBXFileReference; lastKnownFileType = sourcecode.swift; path = ProfileView.swift; sourceTree = "<group>"; };
/* End PBXFileReference section */

/* Begin PBXFrameworksBuildPhase section */
		439D7B7428FD9F3E006C92FD /* Frameworks */ = {
			isa = PBXFrameworksBuildPhase;
			buildActionMask = 2147483647;
			files = (
				439D7BBF28FDB5A9006C92FD /* Lottie in Frameworks */,
			);
			runOnlyForDeploymentPostprocessing = 0;
		};
		439D7B8528FD9F40006C92FD /* Frameworks */ = {
			isa = PBXFrameworksBuildPhase;
			buildActionMask = 2147483647;
			files = (
			);
			runOnlyForDeploymentPostprocessing = 0;
		};
		439D7B8F28FD9F40006C92FD /* Frameworks */ = {
			isa = PBXFrameworksBuildPhase;
			buildActionMask = 2147483647;
			files = (
			);
			runOnlyForDeploymentPostprocessing = 0;
		};
/* End PBXFrameworksBuildPhase section */

/* Begin PBXGroup section */
		432BD09229090BC200E981F4 /* Home */ = {
			isa = PBXGroup;
			children = (
				432BCA602900093500084438 /* Home.swift */,
			);
			path = Home;
			sourceTree = "<group>";
		};
		432BD09329090BD200E981F4 /* Card */ = {
			isa = PBXGroup;
			children = (
				431162132902E2F500565BA3 /* Card.swift */,
			);
			path = Card;
			sourceTree = "<group>";
		};
		432BD09429090BFA00E981F4 /* Order */ = {
			isa = PBXGroup;
			children = (
				439D7BA928FDA40B006C92FD /* CustomCarousel.swift */,
				439D7BAB28FDA425006C92FD /* Order.swift */,
				439D7BAF28FDAB81006C92FD /* CustomArcShape.swift */,
			);
			path = Order;
			sourceTree = "<group>";
		};
		432BD09529090C2300E981F4 /* Profile */ = {
			isa = PBXGroup;
			children = (
				437FDD4B29058AF400A42FF1 /* CustomViews.swift */,
			);
			path = Profile;
			sourceTree = "<group>";
		};
		432BD09629090C3500E981F4 /* Propile */ = {
			isa = PBXGroup;
			children = (
				437FDD4D29058B1400A42FF1 /* LoginView.swift */,
				437FDD4F29058B3100A42FF1 /* SignUpView.swift */,
				432BD09029090BBE00E981F4 /* FindView.swift */,
				43BAEBEC290ED652003773FF /* ProfileView.swift */,
			);
			path = Propile;
			sourceTree = "<group>";
		};
		437FDD572905AD3400A42FF1 /* Order */ = {
			isa = PBXGroup;
			children = (
				439D7BA628FDA266006C92FD /* Drink.swift */,
				437FDD512905A02800A42FF1 /* Tea.swift */,
				437FDD532905A48400A42FF1 /* Smudi.swift */,
				437FDD552905AD2F00A42FF1 /* BubbleTea.swift */,
				4336FC20290F54380007A41A /* OrderViewModel.swift */,
			);
			path = Order;
			sourceTree = "<group>";
		};
		439D7B6E28FD9F3E006C92FD = {
			isa = PBXGroup;
			children = (
				439D7BBC28FDB4E8006C92FD /* Tab icons */,
				439D7BA828FDA400006C92FD /* View */,
				439D7BA528FD9FB0006C92FD /* Model */,
				439D7B7928FD9F3E006C92FD /* Taico */,
				439D7B8B28FD9F40006C92FD /* TaicoTests */,
				439D7B9528FD9F40006C92FD /* TaicoUITests */,
				439D7B7828FD9F3E006C92FD /* Products */,
			);
			sourceTree = "<group>";
		};
		439D7B7828FD9F3E006C92FD /* Products */ = {
			isa = PBXGroup;
			children = (
				439D7B7728FD9F3E006C92FD /* Taico.app */,
				439D7B8828FD9F40006C92FD /* TaicoTests.xctest */,
				439D7B9228FD9F40006C92FD /* TaicoUITests.xctest */,
			);
			name = Products;
			sourceTree = "<group>";
		};
		439D7B7928FD9F3E006C92FD /* Taico */ = {
			isa = PBXGroup;
			children = (
				439D7B7A28FD9F3E006C92FD /* TaicoApp.swift */,
				439D7B7C28FD9F3E006C92FD /* ContentView.swift */,
				439D7B7E28FD9F3F006C92FD /* Assets.xcassets */,
				439D7B8028FD9F3F006C92FD /* Taico.entitlements */,
				439D7B8128FD9F3F006C92FD /* Preview Content */,
			);
			path = Taico;
			sourceTree = "<group>";
		};
		439D7B8128FD9F3F006C92FD /* Preview Content */ = {
			isa = PBXGroup;
			children = (
				439D7B8228FD9F3F006C92FD /* Preview Assets.xcassets */,
			);
			path = "Preview Content";
			sourceTree = "<group>";
		};
		439D7B8B28FD9F40006C92FD /* TaicoTests */ = {
			isa = PBXGroup;
			children = (
				439D7B8C28FD9F40006C92FD /* TaicoTests.swift */,
			);
			path = TaicoTests;
			sourceTree = "<group>";
		};
		439D7B9528FD9F40006C92FD /* TaicoUITests */ = {
			isa = PBXGroup;
			children = (
				439D7B9628FD9F40006C92FD /* TaicoUITests.swift */,
				439D7B9828FD9F40006C92FD /* TaicoUITestsLaunchTests.swift */,
			);
			path = TaicoUITests;
			sourceTree = "<group>";
		};
		439D7BA528FD9FB0006C92FD /* Model */ = {
			isa = PBXGroup;
			children = (
				432BD09529090C2300E981F4 /* Profile */,
				437FDD572905AD3400A42FF1 /* Order */,
				439D7BAD28FDA436006C92FD /* Tab.swift */,
				439D7BCA28FDB5F0006C92FD /* BottomTab.swift */,
				439D7BCC28FDB60E006C92FD /* AnimatedIcon.swift */,
				439D7BD028FDB6F8006C92FD /* ResizableLottieView.swift */,
				432BCA5E2900082400084438 /* BlogModel.swift */,
			);
			path = Model;
			sourceTree = "<group>";
		};
		439D7BA828FDA400006C92FD /* View */ = {
			isa = PBXGroup;
			children = (
				432BD09629090C3500E981F4 /* Propile */,
				432BD09429090BFA00E981F4 /* Order */,
				432BD09329090BD200E981F4 /* Card */,
				432BD09229090BC200E981F4 /* Home */,
				439D7BCE28FDB639006C92FD /* MainView.swift */,
				435624F6290D767F000E60BC /* Shopping.swift */,
			);
			path = View;
			sourceTree = "<group>";
		};
		439D7BBC28FDB4E8006C92FD /* Tab icons */ = {
			isa = PBXGroup;
			children = (
				4369416C28FE8E1700A0771B /* in-card.json */,
				4369416A28FE8D5400A0771B /* 571-black-tea-lineal.json */,
				4369416228FE8BDC00A0771B /* hover-shopping.json */,
				439D7BC328FDB5CF006C92FD /* Account.json */,
				439D7BC028FDB5CF006C92FD /* Chat.json */,
				439D7BC428FDB5CF006C92FD /* Home.json */,
				439D7BC228FDB5CF006C92FD /* Notification.json */,
				439D7BC128FDB5CF006C92FD /* Saved.json */,
			);
			path = "Tab icons";
			sourceTree = "<group>";
		};
/* End PBXGroup section */

/* Begin PBXNativeTarget section */
		439D7B7628FD9F3E006C92FD /* Taico */ = {
			isa = PBXNativeTarget;
			buildConfigurationList = 439D7B9C28FD9F40006C92FD /* Build configuration list for PBXNativeTarget "Taico" */;
			buildPhases = (
				439D7B7328FD9F3E006C92FD /* Sources */,
				439D7B7428FD9F3E006C92FD /* Frameworks */,
				439D7B7528FD9F3E006C92FD /* Resources */,
			);
			buildRules = (
			);
			dependencies = (
			);
			name = Taico;
			packageProductDependencies = (
				439D7BBE28FDB5A9006C92FD /* Lottie */,
			);
			productName = Taico;
			productReference = 439D7B7728FD9F3E006C92FD /* Taico.app */;
			productType = "com.apple.product-type.application";
		};
		439D7B8728FD9F40006C92FD /* TaicoTests */ = {
			isa = PBXNativeTarget;
			buildConfigurationList = 439D7B9F28FD9F40006C92FD /* Build configuration list for PBXNativeTarget "TaicoTests" */;
			buildPhases = (
				439D7B8428FD9F40006C92FD /* Sources */,
				439D7B8528FD9F40006C92FD /* Frameworks */,
				439D7B8628FD9F40006C92FD /* Resources */,
			);
			buildRules = (
			);
			dependencies = (
				439D7B8A28FD9F40006C92FD /* PBXTargetDependency */,
			);
			name = TaicoTests;
			productName = TaicoTests;
			productReference = 439D7B8828FD9F40006C92FD /* TaicoTests.xctest */;
			productType = "com.apple.product-type.bundle.unit-test";
		};
		439D7B9128FD9F40006C92FD /* TaicoUITests */ = {
			isa = PBXNativeTarget;
			buildConfigurationList = 439D7BA228FD9F40006C92FD /* Build configuration list for PBXNativeTarget "TaicoUITests" */;
			buildPhases = (
				439D7B8E28FD9F40006C92FD /* Sources */,
				439D7B8F28FD9F40006C92FD /* Frameworks */,
				439D7B9028FD9F40006C92FD /* Resources */,
			);
			buildRules = (
			);
			dependencies = (
				439D7B9428FD9F40006C92FD /* PBXTargetDependency */,
			);
			name = TaicoUITests;
			productName = TaicoUITests;
			productReference = 439D7B9228FD9F40006C92FD /* TaicoUITests.xctest */;
			productType = "com.apple.product-type.bundle.ui-testing";
		};
/* End PBXNativeTarget section */

/* Begin PBXProject section */
		439D7B6F28FD9F3E006C92FD /* Project object */ = {
			isa = PBXProject;
			attributes = {
				BuildIndependentTargetsInParallel = 1;
				LastSwiftUpdateCheck = 1400;
				LastUpgradeCheck = 1400;
				TargetAttributes = {
					439D7B7628FD9F3E006C92FD = {
						CreatedOnToolsVersion = 14.0.1;
					};
					439D7B8728FD9F40006C92FD = {
						CreatedOnToolsVersion = 14.0.1;
						TestTargetID = 439D7B7628FD9F3E006C92FD;
					};
					439D7B9128FD9F40006C92FD = {
						CreatedOnToolsVersion = 14.0.1;
						TestTargetID = 439D7B7628FD9F3E006C92FD;
					};
				};
			};
			buildConfigurationList = 439D7B7228FD9F3E006C92FD /* Build configuration list for PBXProject "Taico" */;
			compatibilityVersion = "Xcode 14.0";
			developmentRegion = en;
			hasScannedForEncodings = 0;
			knownRegions = (
				en,
				Base,
			);
			mainGroup = 439D7B6E28FD9F3E006C92FD;
			packageReferences = (
				439D7BBD28FDB5A9006C92FD /* XCRemoteSwiftPackageReference "lottie-ios" */,
			);
			productRefGroup = 439D7B7828FD9F3E006C92FD /* Products */;
			projectDirPath = "";
			projectRoot = "";
			targets = (
				439D7B7628FD9F3E006C92FD /* Taico */,
				439D7B8728FD9F40006C92FD /* TaicoTests */,
				439D7B9128FD9F40006C92FD /* TaicoUITests */,
			);
		};
/* End PBXProject section */

/* Begin PBXResourcesBuildPhase section */
		439D7B7528FD9F3E006C92FD /* Resources */ = {
			isa = PBXResourcesBuildPhase;
			buildActionMask = 2147483647;
			files = (
				4369416D28FE8E1700A0771B /* in-card.json in Resources */,
				4369416B28FE8D5400A0771B /* 571-black-tea-lineal.json in Resources */,
				4369416328FE8BDC00A0771B /* hover-shopping.json in Resources */,
				439D7BC528FDB5CF006C92FD /* Chat.json in Resources */,
				439D7BC628FDB5CF006C92FD /* Saved.json in Resources */,
				439D7BC728FDB5CF006C92FD /* Notification.json in Resources */,
				439D7BC828FDB5CF006C92FD /* Account.json in Resources */,
				439D7BC928FDB5CF006C92FD /* Home.json in Resources */,
				439D7B8328FD9F3F006C92FD /* Preview Assets.xcassets in Resources */,
				439D7B7F28FD9F3F006C92FD /* Assets.xcassets in Resources */,
			);
			runOnlyForDeploymentPostprocessing = 0;
		};
		439D7B8628FD9F40006C92FD /* Resources */ = {
			isa = PBXResourcesBuildPhase;
			buildActionMask = 2147483647;
			files = (
			);
			runOnlyForDeploymentPostprocessing = 0;
		};
		439D7B9028FD9F40006C92FD /* Resources */ = {
			isa = PBXResourcesBuildPhase;
			buildActionMask = 2147483647;
			files = (
			);
			runOnlyForDeploymentPostprocessing = 0;
		};
/* End PBXResourcesBuildPhase section */

/* Begin PBXSourcesBuildPhase section */
		439D7B7328FD9F3E006C92FD /* Sources */ = {
			isa = PBXSourcesBuildPhase;
			buildActionMask = 2147483647;
			files = (
				439D7BAA28FDA40B006C92FD /* CustomCarousel.swift in Sources */,
				439D7B7D28FD9F3E006C92FD /* ContentView.swift in Sources */,
				437FDD542905A48400A42FF1 /* Smudi.swift in Sources */,
				439D7BCD28FDB60E006C92FD /* AnimatedIcon.swift in Sources */,
				439D7BCF28FDB639006C92FD /* MainView.swift in Sources */,
				439D7BB028FDAB81006C92FD /* CustomArcShape.swift in Sources */,
				439D7BAC28FDA425006C92FD /* Order.swift in Sources */,
				437FDD522905A02800A42FF1 /* Tea.swift in Sources */,
				432BCA612900093500084438 /* Home.swift in Sources */,
				439D7BD128FDB6F8006C92FD /* ResizableLottieView.swift in Sources */,
				432BCA5F2900082400084438 /* BlogModel.swift in Sources */,
				435624F7290D767F000E60BC /* Shopping.swift in Sources */,
				431162142902E2F500565BA3 /* Card.swift in Sources */,
				439D7BAE28FDA436006C92FD /* Tab.swift in Sources */,
				439D7BA728FDA266006C92FD /* Drink.swift in Sources */,
				4336FC21290F54380007A41A /* OrderViewModel.swift in Sources */,
				437FDD5029058B3100A42FF1 /* SignUpView.swift in Sources */,
				437FDD4C29058AF400A42FF1 /* CustomViews.swift in Sources */,
				43BAEBED290ED653003773FF /* ProfileView.swift in Sources */,
				437FDD562905AD2F00A42FF1 /* BubbleTea.swift in Sources */,
				432BD09129090BBE00E981F4 /* FindView.swift in Sources */,
				439D7BCB28FDB5F0006C92FD /* BottomTab.swift in Sources */,
				437FDD4E29058B1400A42FF1 /* LoginView.swift in Sources */,
				439D7B7B28FD9F3E006C92FD /* TaicoApp.swift in Sources */,
			);
			runOnlyForDeploymentPostprocessing = 0;
		};
		439D7B8428FD9F40006C92FD /* Sources */ = {
			isa = PBXSourcesBuildPhase;
			buildActionMask = 2147483647;
			files = (
				439D7B8D28FD9F40006C92FD /* TaicoTests.swift in Sources */,
			);
			runOnlyForDeploymentPostprocessing = 0;
		};
		439D7B8E28FD9F40006C92FD /* Sources */ = {
			isa = PBXSourcesBuildPhase;
			buildActionMask = 2147483647;
			files = (
				439D7B9728FD9F40006C92FD /* TaicoUITests.swift in Sources */,
				439D7B9928FD9F40006C92FD /* TaicoUITestsLaunchTests.swift in Sources */,
			);
			runOnlyForDeploymentPostprocessing = 0;
		};
/* End PBXSourcesBuildPhase section */

/* Begin PBXTargetDependency section */
		439D7B8A28FD9F40006C92FD /* PBXTargetDependency */ = {
			isa = PBXTargetDependency;
			target = 439D7B7628FD9F3E006C92FD /* Taico */;
			targetProxy = 439D7B8928FD9F40006C92FD /* PBXContainerItemProxy */;
		};
		439D7B9428FD9F40006C92FD /* PBXTargetDependency */ = {
			isa = PBXTargetDependency;
			target = 439D7B7628FD9F3E006C92FD /* Taico */;
			targetProxy = 439D7B9328FD9F40006C92FD /* PBXContainerItemProxy */;
		};
/* End PBXTargetDependency section */

/* Begin XCBuildConfiguration section */
		439D7B9A28FD9F40006C92FD /* Debug */ = {
			isa = XCBuildConfiguration;
			buildSettings = {
				ALWAYS_SEARCH_USER_PATHS = NO;
				CLANG_ANALYZER_NONNULL = YES;
				CLANG_ANALYZER_NUMBER_OBJECT_CONVERSION = YES_AGGRESSIVE;
				CLANG_CXX_LANGUAGE_STANDARD = "gnu++20";
				CLANG_ENABLE_MODULES = YES;
				CLANG_ENABLE_OBJC_ARC = YES;
				CLANG_ENABLE_OBJC_WEAK = YES;
				CLANG_WARN_BLOCK_CAPTURE_AUTORELEASING = YES;
				CLANG_WARN_BOOL_CONVERSION = YES;
				CLANG_WARN_COMMA = YES;
				CLANG_WARN_CONSTANT_CONVERSION = YES;
				CLANG_WARN_DEPRECATED_OBJC_IMPLEMENTATIONS = YES;
				CLANG_WARN_DIRECT_OBJC_ISA_USAGE = YES_ERROR;
				CLANG_WARN_DOCUMENTATION_COMMENTS = YES;
				CLANG_WARN_EMPTY_BODY = YES;
				CLANG_WARN_ENUM_CONVERSION = YES;
				CLANG_WARN_INFINITE_RECURSION = YES;
				CLANG_WARN_INT_CONVERSION = YES;
				CLANG_WARN_NON_LITERAL_NULL_CONVERSION = YES;
				CLANG_WARN_OBJC_IMPLICIT_RETAIN_SELF = YES;
				CLANG_WARN_OBJC_LITERAL_CONVERSION = YES;
				CLANG_WARN_OBJC_ROOT_CLASS = YES_ERROR;
				CLANG_WARN_QUOTED_INCLUDE_IN_FRAMEWORK_HEADER = YES;
				CLANG_WARN_RANGE_LOOP_ANALYSIS = YES;
				CLANG_WARN_STRICT_PROTOTYPES = YES;
				CLANG_WARN_SUSPICIOUS_MOVE = YES;
				CLANG_WARN_UNGUARDED_AVAILABILITY = YES_AGGRESSIVE;
				CLANG_WARN_UNREACHABLE_CODE = YES;
				CLANG_WARN__DUPLICATE_METHOD_MATCH = YES;
				COPY_PHASE_STRIP = NO;
				DEBUG_INFORMATION_FORMAT = dwarf;
				ENABLE_STRICT_OBJC_MSGSEND = YES;
				ENABLE_TESTABILITY = YES;
				GCC_C_LANGUAGE_STANDARD = gnu11;
				GCC_DYNAMIC_NO_PIC = NO;
				GCC_NO_COMMON_BLOCKS = YES;
				GCC_OPTIMIZATION_LEVEL = 0;
				GCC_PREPROCESSOR_DEFINITIONS = (
					"DEBUG=1",
					"$(inherited)",
				);
				GCC_WARN_64_TO_32_BIT_CONVERSION = YES;
				GCC_WARN_ABOUT_RETURN_TYPE = YES_ERROR;
				GCC_WARN_UNDECLARED_SELECTOR = YES;
				GCC_WARN_UNINITIALIZED_AUTOS = YES_AGGRESSIVE;
				GCC_WARN_UNUSED_FUNCTION = YES;
				GCC_WARN_UNUSED_VARIABLE = YES;
				MTL_ENABLE_DEBUG_INFO = INCLUDE_SOURCE;
				MTL_FAST_MATH = YES;
				ONLY_ACTIVE_ARCH = YES;
				SWIFT_ACTIVE_COMPILATION_CONDITIONS = DEBUG;
				SWIFT_OPTIMIZATION_LEVEL = "-Onone";
			};
			name = Debug;
		};
		439D7B9B28FD9F40006C92FD /* Release */ = {
			isa = XCBuildConfiguration;
			buildSettings = {
				ALWAYS_SEARCH_USER_PATHS = NO;
				CLANG_ANALYZER_NONNULL = YES;
				CLANG_ANALYZER_NUMBER_OBJECT_CONVERSION = YES_AGGRESSIVE;
				CLANG_CXX_LANGUAGE_STANDARD = "gnu++20";
				CLANG_ENABLE_MODULES = YES;
				CLANG_ENABLE_OBJC_ARC = YES;
				CLANG_ENABLE_OBJC_WEAK = YES;
				CLANG_WARN_BLOCK_CAPTURE_AUTORELEASING = YES;
				CLANG_WARN_BOOL_CONVERSION = YES;
				CLANG_WARN_COMMA = YES;
				CLANG_WARN_CONSTANT_CONVERSION = YES;
				CLANG_WARN_DEPRECATED_OBJC_IMPLEMENTATIONS = YES;
				CLANG_WARN_DIRECT_OBJC_ISA_USAGE = YES_ERROR;
				CLANG_WARN_DOCUMENTATION_COMMENTS = YES;
				CLANG_WARN_EMPTY_BODY = YES;
				CLANG_WARN_ENUM_CONVERSION = YES;
				CLANG_WARN_INFINITE_RECURSION = YES;
				CLANG_WARN_INT_CONVERSION = YES;
				CLANG_WARN_NON_LITERAL_NULL_CONVERSION = YES;
				CLANG_WARN_OBJC_IMPLICIT_RETAIN_SELF = YES;
				CLANG_WARN_OBJC_LITERAL_CONVERSION = YES;
				CLANG_WARN_OBJC_ROOT_CLASS = YES_ERROR;
				CLANG_WARN_QUOTED_INCLUDE_IN_FRAMEWORK_HEADER = YES;
				CLANG_WARN_RANGE_LOOP_ANALYSIS = YES;
				CLANG_WARN_STRICT_PROTOTYPES = YES;
				CLANG_WARN_SUSPICIOUS_MOVE = YES;
				CLANG_WARN_UNGUARDED_AVAILABILITY = YES_AGGRESSIVE;
				CLANG_WARN_UNREACHABLE_CODE = YES;
				CLANG_WARN__DUPLICATE_METHOD_MATCH = YES;
				COPY_PHASE_STRIP = NO;
				DEBUG_INFORMATION_FORMAT = "dwarf-with-dsym";
				ENABLE_NS_ASSERTIONS = NO;
				ENABLE_STRICT_OBJC_MSGSEND = YES;
				GCC_C_LANGUAGE_STANDARD = gnu11;
				GCC_NO_COMMON_BLOCKS = YES;
				GCC_WARN_64_TO_32_BIT_CONVERSION = YES;
				GCC_WARN_ABOUT_RETURN_TYPE = YES_ERROR;
				GCC_WARN_UNDECLARED_SELECTOR = YES;
				GCC_WARN_UNINITIALIZED_AUTOS = YES_AGGRESSIVE;
				GCC_WARN_UNUSED_FUNCTION = YES;
				GCC_WARN_UNUSED_VARIABLE = YES;
				MTL_ENABLE_DEBUG_INFO = NO;
				MTL_FAST_MATH = YES;
				SWIFT_COMPILATION_MODE = wholemodule;
				SWIFT_OPTIMIZATION_LEVEL = "-O";
			};
			name = Release;
		};
		439D7B9D28FD9F40006C92FD /* Debug */ = {
			isa = XCBuildConfiguration;
			buildSettings = {
				ASSETCATALOG_COMPILER_APPICON_NAME = AppIcon;
				ASSETCATALOG_COMPILER_GLOBAL_ACCENT_COLOR_NAME = AccentColor;
				CODE_SIGN_ENTITLEMENTS = Taico/Taico.entitlements;
				CODE_SIGN_STYLE = Automatic;
				CURRENT_PROJECT_VERSION = 1;
				DEVELOPMENT_ASSET_PATHS = "\"Taico/Preview Content\"";
				DEVELOPMENT_TEAM = 4V37SMT4Q2;
				ENABLE_HARDENED_RUNTIME = YES;
				ENABLE_PREVIEWS = YES;
				GENERATE_INFOPLIST_FILE = YES;
				"INFOPLIST_KEY_UIApplicationSceneManifest_Generation[sdk=iphoneos*]" = YES;
				"INFOPLIST_KEY_UIApplicationSceneManifest_Generation[sdk=iphonesimulator*]" = YES;
				"INFOPLIST_KEY_UIApplicationSupportsIndirectInputEvents[sdk=iphoneos*]" = YES;
				"INFOPLIST_KEY_UIApplicationSupportsIndirectInputEvents[sdk=iphonesimulator*]" = YES;
				"INFOPLIST_KEY_UILaunchScreen_Generation[sdk=iphoneos*]" = YES;
				"INFOPLIST_KEY_UILaunchScreen_Generation[sdk=iphonesimulator*]" = YES;
				"INFOPLIST_KEY_UIStatusBarStyle[sdk=iphoneos*]" = UIStatusBarStyleDefault;
				"INFOPLIST_KEY_UIStatusBarStyle[sdk=iphonesimulator*]" = UIStatusBarStyleDefault;
				INFOPLIST_KEY_UISupportedInterfaceOrientations_iPad = "UIInterfaceOrientationPortrait UIInterfaceOrientationPortraitUpsideDown UIInterfaceOrientationLandscapeLeft UIInterfaceOrientationLandscapeRight";
				INFOPLIST_KEY_UISupportedInterfaceOrientations_iPhone = "UIInterfaceOrientationPortrait UIInterfaceOrientationLandscapeLeft UIInterfaceOrientationLandscapeRight";
				IPHONEOS_DEPLOYMENT_TARGET = 16.0;
				LD_RUNPATH_SEARCH_PATHS = "@executable_path/Frameworks";
				"LD_RUNPATH_SEARCH_PATHS[sdk=macosx*]" = "@executable_path/../Frameworks";
				MACOSX_DEPLOYMENT_TARGET = 12.3;
				MARKETING_VERSION = 1.0;
				PRODUCT_BUNDLE_IDENTIFIER = Ha.Taico;
				PRODUCT_NAME = "$(TARGET_NAME)";
				SDKROOT = auto;
				SUPPORTED_PLATFORMS = "iphoneos iphonesimulator macosx";
				SWIFT_EMIT_LOC_STRINGS = YES;
				SWIFT_VERSION = 5.0;
				TARGETED_DEVICE_FAMILY = "1,2";
			};
			name = Debug;
		};
		439D7B9E28FD9F40006C92FD /* Release */ = {
			isa = XCBuildConfiguration;
			buildSettings = {
				ASSETCATALOG_COMPILER_APPICON_NAME = AppIcon;
				ASSETCATALOG_COMPILER_GLOBAL_ACCENT_COLOR_NAME = AccentColor;
				CODE_SIGN_ENTITLEMENTS = Taico/Taico.entitlements;
				CODE_SIGN_STYLE = Automatic;
				CURRENT_PROJECT_VERSION = 1;
				DEVELOPMENT_ASSET_PATHS = "\"Taico/Preview Content\"";
				DEVELOPMENT_TEAM = 4V37SMT4Q2;
				ENABLE_HARDENED_RUNTIME = YES;
				ENABLE_PREVIEWS = YES;
				GENERATE_INFOPLIST_FILE = YES;
				"INFOPLIST_KEY_UIApplicationSceneManifest_Generation[sdk=iphoneos*]" = YES;
				"INFOPLIST_KEY_UIApplicationSceneManifest_Generation[sdk=iphonesimulator*]" = YES;
				"INFOPLIST_KEY_UIApplicationSupportsIndirectInputEvents[sdk=iphoneos*]" = YES;
				"INFOPLIST_KEY_UIApplicationSupportsIndirectInputEvents[sdk=iphonesimulator*]" = YES;
				"INFOPLIST_KEY_UILaunchScreen_Generation[sdk=iphoneos*]" = YES;
				"INFOPLIST_KEY_UILaunchScreen_Generation[sdk=iphonesimulator*]" = YES;
				"INFOPLIST_KEY_UIStatusBarStyle[sdk=iphoneos*]" = UIStatusBarStyleDefault;
				"INFOPLIST_KEY_UIStatusBarStyle[sdk=iphonesimulator*]" = UIStatusBarStyleDefault;
				INFOPLIST_KEY_UISupportedInterfaceOrientations_iPad = "UIInterfaceOrientationPortrait UIInterfaceOrientationPortraitUpsideDown UIInterfaceOrientationLandscapeLeft UIInterfaceOrientationLandscapeRight";
				INFOPLIST_KEY_UISupportedInterfaceOrientations_iPhone = "UIInterfaceOrientationPortrait UIInterfaceOrientationLandscapeLeft UIInterfaceOrientationLandscapeRight";
				IPHONEOS_DEPLOYMENT_TARGET = 16.0;
				LD_RUNPATH_SEARCH_PATHS = "@executable_path/Frameworks";
				"LD_RUNPATH_SEARCH_PATHS[sdk=macosx*]" = "@executable_path/../Frameworks";
				MACOSX_DEPLOYMENT_TARGET = 12.3;
				MARKETING_VERSION = 1.0;
				PRODUCT_BUNDLE_IDENTIFIER = Ha.Taico;
				PRODUCT_NAME = "$(TARGET_NAME)";
				SDKROOT = auto;
				SUPPORTED_PLATFORMS = "iphoneos iphonesimulator macosx";
				SWIFT_EMIT_LOC_STRINGS = YES;
				SWIFT_VERSION = 5.0;
				TARGETED_DEVICE_FAMILY = "1,2";
			};
			name = Release;
		};
		439D7BA028FD9F40006C92FD /* Debug */ = {
			isa = XCBuildConfiguration;
			buildSettings = {
				ALWAYS_EMBED_SWIFT_STANDARD_LIBRARIES = YES;
				BUNDLE_LOADER = "$(TEST_HOST)";
				CODE_SIGN_STYLE = Automatic;
				CURRENT_PROJECT_VERSION = 1;
				DEVELOPMENT_TEAM = 4V37SMT4Q2;
				GENERATE_INFOPLIST_FILE = YES;
				IPHONEOS_DEPLOYMENT_TARGET = 16.0;
				MACOSX_DEPLOYMENT_TARGET = 12.3;
				MARKETING_VERSION = 1.0;
				PRODUCT_BUNDLE_IDENTIFIER = Ha.TaicoTests;
				PRODUCT_NAME = "$(TARGET_NAME)";
				SDKROOT = auto;
				SUPPORTED_PLATFORMS = "iphoneos iphonesimulator macosx";
				SWIFT_EMIT_LOC_STRINGS = NO;
				SWIFT_VERSION = 5.0;
				TARGETED_DEVICE_FAMILY = "1,2";
				TEST_HOST = "$(BUILT_PRODUCTS_DIR)/Taico.app/$(BUNDLE_EXECUTABLE_FOLDER_PATH)/Taico";
			};
			name = Debug;
		};
		439D7BA128FD9F40006C92FD /* Release */ = {
			isa = XCBuildConfiguration;
			buildSettings = {
				ALWAYS_EMBED_SWIFT_STANDARD_LIBRARIES = YES;
				BUNDLE_LOADER = "$(TEST_HOST)";
				CODE_SIGN_STYLE = Automatic;
				CURRENT_PROJECT_VERSION = 1;
				DEVELOPMENT_TEAM = 4V37SMT4Q2;
				GENERATE_INFOPLIST_FILE = YES;
				IPHONEOS_DEPLOYMENT_TARGET = 16.0;
				MACOSX_DEPLOYMENT_TARGET = 12.3;
				MARKETING_VERSION = 1.0;
				PRODUCT_BUNDLE_IDENTIFIER = Ha.TaicoTests;
				PRODUCT_NAME = "$(TARGET_NAME)";
				SDKROOT = auto;
				SUPPORTED_PLATFORMS = "iphoneos iphonesimulator macosx";
				SWIFT_EMIT_LOC_STRINGS = NO;
				SWIFT_VERSION = 5.0;
				TARGETED_DEVICE_FAMILY = "1,2";
				TEST_HOST = "$(BUILT_PRODUCTS_DIR)/Taico.app/$(BUNDLE_EXECUTABLE_FOLDER_PATH)/Taico";
			};
			name = Release;
		};
		439D7BA328FD9F40006C92FD /* Debug */ = {
			isa = XCBuildConfiguration;
			buildSettings = {
				ALWAYS_EMBED_SWIFT_STANDARD_LIBRARIES = YES;
				CODE_SIGN_STYLE = Automatic;
				CURRENT_PROJECT_VERSION = 1;
				DEVELOPMENT_TEAM = 4V37SMT4Q2;
				GENERATE_INFOPLIST_FILE = YES;
				IPHONEOS_DEPLOYMENT_TARGET = 16.0;
				MACOSX_DEPLOYMENT_TARGET = 12.3;
				MARKETING_VERSION = 1.0;
				PRODUCT_BUNDLE_IDENTIFIER = Ha.TaicoUITests;
				PRODUCT_NAME = "$(TARGET_NAME)";
				SDKROOT = auto;
				SUPPORTED_PLATFORMS = "iphoneos iphonesimulator macosx";
				SWIFT_EMIT_LOC_STRINGS = NO;
				SWIFT_VERSION = 5.0;
				TARGETED_DEVICE_FAMILY = "1,2";
				TEST_TARGET_NAME = Taico;
			};
			name = Debug;
		};
		439D7BA428FD9F40006C92FD /* Release */ = {
			isa = XCBuildConfiguration;
			buildSettings = {
				ALWAYS_EMBED_SWIFT_STANDARD_LIBRARIES = YES;
				CODE_SIGN_STYLE = Automatic;
				CURRENT_PROJECT_VERSION = 1;
				DEVELOPMENT_TEAM = 4V37SMT4Q2;
				GENERATE_INFOPLIST_FILE = YES;
				IPHONEOS_DEPLOYMENT_TARGET = 16.0;
				MACOSX_DEPLOYMENT_TARGET = 12.3;
				MARKETING_VERSION = 1.0;
				PRODUCT_BUNDLE_IDENTIFIER = Ha.TaicoUITests;
				PRODUCT_NAME = "$(TARGET_NAME)";
				SDKROOT = auto;
				SUPPORTED_PLATFORMS = "iphoneos iphonesimulator macosx";
				SWIFT_EMIT_LOC_STRINGS = NO;
				SWIFT_VERSION = 5.0;
				TARGETED_DEVICE_FAMILY = "1,2";
				TEST_TARGET_NAME = Taico;
			};
			name = Release;
		};
/* End XCBuildConfiguration section */

/* Begin XCConfigurationList section */
		439D7B7228FD9F3E006C92FD /* Build configuration list for PBXProject "Taico" */ = {
			isa = XCConfigurationList;
			buildConfigurations = (
				439D7B9A28FD9F40006C92FD /* Debug */,
				439D7B9B28FD9F40006C92FD /* Release */,
			);
			defaultConfigurationIsVisible = 0;
			defaultConfigurationName = Release;
		};
		439D7B9C28FD9F40006C92FD /* Build configuration list for PBXNativeTarget "Taico" */ = {
			isa = XCConfigurationList;
			buildConfigurations = (
				439D7B9D28FD9F40006C92FD /* Debug */,
				439D7B9E28FD9F40006C92FD /* Release */,
			);
			defaultConfigurationIsVisible = 0;
			defaultConfigurationName = Release;
		};
		439D7B9F28FD9F40006C92FD /* Build configuration list for PBXNativeTarget "TaicoTests" */ = {
			isa = XCConfigurationList;
			buildConfigurations = (
				439D7BA028FD9F40006C92FD /* Debug */,
				439D7BA128FD9F40006C92FD /* Release */,
			);
			defaultConfigurationIsVisible = 0;
			defaultConfigurationName = Release;
		};
		439D7BA228FD9F40006C92FD /* Build configuration list for PBXNativeTarget "TaicoUITests" */ = {
			isa = XCConfigurationList;
			buildConfigurations = (
				439D7BA328FD9F40006C92FD /* Debug */,
				439D7BA428FD9F40006C92FD /* Release */,
			);
			defaultConfigurationIsVisible = 0;
			defaultConfigurationName = Release;
		};
/* End XCConfigurationList section */

/* Begin XCRemoteSwiftPackageReference section */
		439D7BBD28FDB5A9006C92FD /* XCRemoteSwiftPackageReference "lottie-ios" */ = {
			isa = XCRemoteSwiftPackageReference;
			repositoryURL = "https://github.com/airbnb/lottie-ios";
			requirement = {
				kind = upToNextMajorVersion;
				minimumVersion = 3.0.0;
			};
		};
/* End XCRemoteSwiftPackageReference section */

/* Begin XCSwiftPackageProductDependency section */
		439D7BBE28FDB5A9006C92FD /* Lottie */ = {
			isa = XCSwiftPackageProductDependency;
			package = 439D7BBD28FDB5A9006C92FD /* XCRemoteSwiftPackageReference "lottie-ios" */;
			productName = Lottie;
		};
/* End XCSwiftPackageProductDependency section */
	};
	rootObject = 439D7B6F28FD9F3E006C92FD /* Project object */;
}
